
Microsoft Visual Studio Solution File, Format Version 12.00
# Visual Studio 2012
Project("{FAE04EC0-301F-11D3-BF4B-00C04F79EFBC}") = "المحاضرة الثالثة عملي الكود الثالث", "المحاضرة الثالثة عملي الكود الثالث\المحاضرة الثالثة عملي الكود الثالث.csproj", "{72273363-33B9-41DE-BC34-E260A9F0AA77}"
EndProject
Global
	GlobalSection(SolutionConfigurationPlatforms) = preSolution
		Debug|Any CPU = Debug|Any CPU
		Release|Any CPU = Release|Any CPU
	EndGlobalSection
	GlobalSection(ProjectConfigurationPlatforms) = postSolution
		{72273363-33B9-41DE-BC34-E260A9F0AA77}.Debug|Any CPU.ActiveCfg = Debug|Any CPU
		{72273363-33B9-41DE-BC34-E260A9F0AA77}.Debug|Any CPU.Build.0 = Debug|Any CPU
		{72273363-33B9-41DE-BC34-E260A9F0AA77}.Release|Any CPU.ActiveCfg = Release|Any CPU
		{72273363-33B9-41DE-BC34-E260A9F0AA77}.Release|Any CPU.Build.0 = Release|Any CPU
	EndGlobalSection
	GlobalSection(SolutionProperties) = preSolution
		HideSolutionNode = FALSE
	EndGlobalSection
EndGlobal
